// !$*UTF8*$!
{
	archiveVersion = 1;
	classes = {
	};
	objectVersion = 56;
	objects = {

/* Begin PBXBuildFile section */
		1A339E702992CEEF0015EE3D /* StarStacView.swift in Sources */ = {isa = PBXBuildFile; fileRef = 1A339E6F2992CEEF0015EE3D /* StarStacView.swift */; };
		1A76CC99299153CD00E53539 /* AppDelegate.swift in Sources */ = {isa = PBXBuildFile; fileRef = 1A76CC98299153CD00E53539 /* AppDelegate.swift */; };
		1A76CC9B299153CD00E53539 /* SceneDelegate.swift in Sources */ = {isa = PBXBuildFile; fileRef = 1A76CC9A299153CD00E53539 /* SceneDelegate.swift */; };
		1A76CC9D299153CD00E53539 /* ViewController.swift in Sources */ = {isa = PBXBuildFile; fileRef = 1A76CC9C299153CD00E53539 /* ViewController.swift */; };
		1A76CCA0299153CD00E53539 /* Main.storyboard in Resources */ = {isa = PBXBuildFile; fileRef = 1A76CC9E299153CD00E53539 /* Main.storyboard */; };
		1A76CCA2299153D000E53539 /* Assets.xcassets in Resources */ = {isa = PBXBuildFile; fileRef = 1A76CCA1299153D000E53539 /* Assets.xcassets */; };
		1A76CCA5299153D000E53539 /* LaunchScreen.storyboard in Resources */ = {isa = PBXBuildFile; fileRef = 1A76CCA3299153D000E53539 /* LaunchScreen.storyboard */; };
		1A76CCAE2991579F00E53539 /* FilmCell.swift in Sources */ = {isa = PBXBuildFile; fileRef = 1A76CCAC2991579E00E53539 /* FilmCell.swift */; };
		1A76CCAF2991579F00E53539 /* FilmCell.xib in Resources */ = {isa = PBXBuildFile; fileRef = 1A76CCAD2991579E00E53539 /* FilmCell.xib */; };
		1A76CCB2299161E900E53539 /* FilmCellModel.swift in Sources */ = {isa = PBXBuildFile; fileRef = 1A76CCB1299161E800E53539 /* FilmCellModel.swift */; };
		1A91CE792992649800B38FD8 /* FilmDetailsViewController.swift in Sources */ = {isa = PBXBuildFile; fileRef = 1A91CE772992649800B38FD8 /* FilmDetailsViewController.swift */; };
		1A91CE7D299265AF00B38FD8 /* FilmDetailTableViewCell.swift in Sources */ = {isa = PBXBuildFile; fileRef = 1A91CE7B299265AF00B38FD8 /* FilmDetailTableViewCell.swift */; };
		1A91CE7E299265AF00B38FD8 /* FilmDetailTableViewCell.xib in Resources */ = {isa = PBXBuildFile; fileRef = 1A91CE7C299265AF00B38FD8 /* FilmDetailTableViewCell.xib */; };
/* End PBXBuildFile section */

/* Begin PBXFileReference section */
		1A339E6F2992CEEF0015EE3D /* StarStacView.swift */ = {isa = PBXFileReference; lastKnownFileType = sourcecode.swift; path = StarStacView.swift; sourceTree = "<group>"; };
		1A76CC95299153CD00E53539 /* Homework18.app */ = {isa = PBXFileReference; explicitFileType = wrapper.application; includeInIndex = 0; path = Homework18.app; sourceTree = BUILT_PRODUCTS_DIR; };
		1A76CC98299153CD00E53539 /* AppDelegate.swift */ = {isa = PBXFileReference; lastKnownFileType = sourcecode.swift; path = AppDelegate.swift; sourceTree = "<group>"; };
		1A76CC9A299153CD00E53539 /* SceneDelegate.swift */ = {isa = PBXFileReference; lastKnownFileType = sourcecode.swift; path = SceneDelegate.swift; sourceTree = "<group>"; };
		1A76CC9C299153CD00E53539 /* ViewController.swift */ = {isa = PBXFileReference; lastKnownFileType = sourcecode.swift; path = ViewController.swift; sourceTree = "<group>"; };
		1A76CC9F299153CD00E53539 /* Base */ = {isa = PBXFileReference; lastKnownFileType = file.storyboard; name = Base; path = Base.lproj/Main.storyboard; sourceTree = "<group>"; };
		1A76CCA1299153D000E53539 /* Assets.xcassets */ = {isa = PBXFileReference; lastKnownFileType = folder.assetcatalog; path = Assets.xcassets; sourceTree = "<group>"; };
		1A76CCA4299153D000E53539 /* Base */ = {isa = PBXFileReference; lastKnownFileType = file.storyboard; name = Base; path = Base.lproj/LaunchScreen.storyboard; sourceTree = "<group>"; };
		1A76CCA6299153D000E53539 /* Info.plist */ = {isa = PBXFileReference; lastKnownFileType = text.plist.xml; path = Info.plist; sourceTree = "<group>"; };
		1A76CCAC2991579E00E53539 /* FilmCell.swift */ = {isa = PBXFileReference; lastKnownFileType = sourcecode.swift; path = FilmCell.swift; sourceTree = "<group>"; };
		1A76CCAD2991579E00E53539 /* FilmCell.xib */ = {isa = PBXFileReference; lastKnownFileType = file.xib; path = FilmCell.xib; sourceTree = "<group>"; };
		1A76CCB1299161E800E53539 /* FilmCellModel.swift */ = {isa = PBXFileReference; lastKnownFileType = sourcecode.swift; path = FilmCellModel.swift; sourceTree = "<group>"; };
		1A91CE772992649800B38FD8 /* FilmDetailsViewController.swift */ = {isa = PBXFileReference; lastKnownFileType = sourcecode.swift; path = FilmDetailsViewController.swift; sourceTree = "<group>"; };
		1A91CE7B299265AF00B38FD8 /* FilmDetailTableViewCell.swift */ = {isa = PBXFileReference; lastKnownFileType = sourcecode.swift; path = FilmDetailTableViewCell.swift; sourceTree = "<group>"; };
		1A91CE7C299265AF00B38FD8 /* FilmDetailTableViewCell.xib */ = {isa = PBXFileReference; lastKnownFileType = file.xib; path = FilmDetailTableViewCell.xib; sourceTree = "<group>"; };
/* End PBXFileReference section */

/* Begin PBXFrameworksBuildPhase section */
		1A76CC92299153CD00E53539 /* Frameworks */ = {
			isa = PBXFrameworksBuildPhase;
			buildActionMask = 2147483647;
			files = (
			);
			runOnlyForDeploymentPostprocessing = 0;
		};
/* End PBXFrameworksBuildPhase section */

/* Begin PBXGroup section */
		1A76CC8C299153CD00E53539 = {
			isa = PBXGroup;
			children = (
				1A76CC97299153CD00E53539 /* Homework18 */,
				1A76CC96299153CD00E53539 /* Products */,
			);
			sourceTree = "<group>";
		};
		1A76CC96299153CD00E53539 /* Products */ = {
			isa = PBXGroup;
			children = (
				1A76CC95299153CD00E53539 /* Homework18.app */,
			);
			name = Products;
			sourceTree = "<group>";
		};
		1A76CC97299153CD00E53539 /* Homework18 */ = {
			isa = PBXGroup;
			children = (
				1A76CC9A299153CD00E53539 /* SceneDelegate.swift */,
				1A76CC98299153CD00E53539 /* AppDelegate.swift */,
				1A76CCA1299153D000E53539 /* Assets.xcassets */,
				1A339E6F2992CEEF0015EE3D /* StarStacView.swift */,
				1A76CCB1299161E800E53539 /* FilmCellModel.swift */,
				1A76CCA6299153D000E53539 /* Info.plist */,
				1A91CE762992643C00B38FD8 /* FilmDetails */,
				1A76CCB0299157C600E53539 /* FilmCell */,
				1A76CC9C299153CD00E53539 /* ViewController.swift */,
				1A76CC9E299153CD00E53539 /* Main.storyboard */,
				1A76CCA3299153D000E53539 /* LaunchScreen.storyboard */,
			);
			path = Homework18;
			sourceTree = "<group>";
		};
		1A76CCB0299157C600E53539 /* FilmCell */ = {
			isa = PBXGroup;
			children = (
				1A76CCAC2991579E00E53539 /* FilmCell.swift */,
				1A76CCAD2991579E00E53539 /* FilmCell.xib */,
			);
			path = FilmCell;
			sourceTree = "<group>";
		};
		1A91CE762992643C00B38FD8 /* FilmDetails */ = {
			isa = PBXGroup;
			children = (
				1A91CE772992649800B38FD8 /* FilmDetailsViewController.swift */,
				1A91CE7B299265AF00B38FD8 /* FilmDetailTableViewCell.swift */,
				1A91CE7C299265AF00B38FD8 /* FilmDetailTableViewCell.xib */,
			);
			path = FilmDetails;
			sourceTree = "<group>";
		};
/* End PBXGroup section */

/* Begin PBXNativeTarget section */
		1A76CC94299153CD00E53539 /* Homework18 */ = {
			isa = PBXNativeTarget;
			buildConfigurationList = 1A76CCA9299153D000E53539 /* Build configuration list for PBXNativeTarget "Homework18" */;
			buildPhases = (
				1A76CC91299153CD00E53539 /* Sources */,
				1A76CC92299153CD00E53539 /* Frameworks */,
				1A76CC93299153CD00E53539 /* Resources */,
			);
			buildRules = (
			);
			dependencies = (
			);
			name = Homework18;
			productName = Homework18;
			productReference = 1A76CC95299153CD00E53539 /* Homework18.app */;
			productType = "com.apple.product-type.application";
		};
/* End PBXNativeTarget section */

/* Begin PBXProject section */
		1A76CC8D299153CD00E53539 /* Project object */ = {
			isa = PBXProject;
			attributes = {
				BuildIndependentTargetsInParallel = 1;
				LastSwiftUpdateCheck = 1420;
				LastUpgradeCheck = 1420;
				TargetAttributes = {
					1A76CC94299153CD00E53539 = {
						CreatedOnToolsVersion = 14.2;
					};
				};
			};
			buildConfigurationList = 1A76CC90299153CD00E53539 /* Build configuration list for PBXProject "Homework18" */;
			compatibilityVersion = "Xcode 14.0";
			developmentRegion = en;
			hasScannedForEncodings = 0;
			knownRegions = (
				en,
				Base,
			);
			mainGroup = 1A76CC8C299153CD00E53539;
			productRefGroup = 1A76CC96299153CD00E53539 /* Products */;
			projectDirPath = "";
			projectRoot = "";
			targets = (
				1A76CC94299153CD00E53539 /* Homework18 */,
			);
		};
/* End PBXProject section */

/* Begin PBXResourcesBuildPhase section */
		1A76CC93299153CD00E53539 /* Resources */ = {
			isa = PBXResourcesBuildPhase;
			buildActionMask = 2147483647;
			files = (
				1A91CE7E299265AF00B38FD8 /* FilmDetailTableViewCell.xib in Resources */,
				1A76CCA5299153D000E53539 /* LaunchScreen.storyboard in Resources */,
				1A76CCAF2991579F00E53539 /* FilmCell.xib in Resources */,
				1A76CCA2299153D000E53539 /* Assets.xcassets in Resources */,
				1A76CCA0299153CD00E53539 /* Main.storyboard in Resources */,
			);
			runOnlyForDeploymentPostprocessing = 0;
		};
/* End PBXResourcesBuildPhase section */

/* Begin PBXSourcesBuildPhase section */
		1A76CC91299153CD00E53539 /* Sources */ = {
			isa = PBXSourcesBuildPhase;
			buildActionMask = 2147483647;
			files = (
				1A76CC9D299153CD00E53539 /* ViewController.swift in Sources */,
				1A76CCAE2991579F00E53539 /* FilmCell.swift in Sources */,
				1A76CC99299153CD00E53539 /* AppDelegate.swift in Sources */,
				1A91CE792992649800B38FD8 /* FilmDetailsViewController.swift in Sources */,
				1A76CCB2299161E900E53539 /* FilmCellModel.swift in Sources */,
				1A339E702992CEEF0015EE3D /* StarStacView.swift in Sources */,
				1A91CE7D299265AF00B38FD8 /* FilmDetailTableViewCell.swift in Sources */,
				1A76CC9B299153CD00E53539 /* SceneDelegate.swift in Sources */,
			);
			runOnlyForDeploymentPostprocessing = 0;
		};
/* End PBXSourcesBuildPhase section */

/* Begin PBXVariantGroup section */
		1A76CC9E299153CD00E53539 /* Main.storyboard */ = {
			isa = PBXVariantGroup;
			children = (
				1A76CC9F299153CD00E53539 /* Base */,
			);
			name = Main.storyboard;
			sourceTree = "<group>";
		};
		1A76CCA3299153D000E53539 /* LaunchScreen.storyboard */ = {
			isa = PBXVariantGroup;
			children = (
				1A76CCA4299153D000E53539 /* Base */,
			);
			name = LaunchScreen.storyboard;
			sourceTree = "<group>";
		};
/* End PBXVariantGroup section */

/* Begin XCBuildConfiguration section */
		1A76CCA7299153D000E53539 /* Debug */ = {
			isa = XCBuildConfiguration;
			buildSettings = {
				ALWAYS_SEARCH_USER_PATHS = NO;
				CLANG_ANALYZER_NONNULL = YES;
				CLANG_ANALYZER_NUMBER_OBJECT_CONVERSION = YES_AGGRESSIVE;
				CLANG_CXX_LANGUAGE_STANDARD = "gnu++20";
				CLANG_ENABLE_MODULES = YES;
				CLANG_ENABLE_OBJC_ARC = YES;
				CLANG_ENABLE_OBJC_WEAK = YES;
				CLANG_WARN_BLOCK_CAPTURE_AUTORELEASING = YES;
				CLANG_WARN_BOOL_CONVERSION = YES;
				CLANG_WARN_COMMA = YES;
				CLANG_WARN_CONSTANT_CONVERSION = YES;
				CLANG_WARN_DEPRECATED_OBJC_IMPLEMENTATIONS = YES;
				CLANG_WARN_DIRECT_OBJC_ISA_USAGE = YES_ERROR;
				CLANG_WARN_DOCUMENTATION_COMMENTS = YES;
				CLANG_WARN_EMPTY_BODY = YES;
				CLANG_WARN_ENUM_CONVERSION = YES;
				CLANG_WARN_INFINITE_RECURSION = YES;
				CLANG_WARN_INT_CONVERSION = YES;
				CLANG_WARN_NON_LITERAL_NULL_CONVERSION = YES;
				CLANG_WARN_OBJC_IMPLICIT_RETAIN_SELF = YES;
				CLANG_WARN_OBJC_LITERAL_CONVERSION = YES;
				CLANG_WARN_OBJC_ROOT_CLASS = YES_ERROR;
				CLANG_WARN_QUOTED_INCLUDE_IN_FRAMEWORK_HEADER = YES;
				CLANG_WARN_RANGE_LOOP_ANALYSIS = YES;
				CLANG_WARN_STRICT_PROTOTYPES = YES;
				CLANG_WARN_SUSPICIOUS_MOVE = YES;
				CLANG_WARN_UNGUARDED_AVAILABILITY = YES_AGGRESSIVE;
				CLANG_WARN_UNREACHABLE_CODE = YES;
				CLANG_WARN__DUPLICATE_METHOD_MATCH = YES;
				COPY_PHASE_STRIP = NO;
				DEBUG_INFORMATION_FORMAT = dwarf;
				ENABLE_STRICT_OBJC_MSGSEND = YES;
				ENABLE_TESTABILITY = YES;
				GCC_C_LANGUAGE_STANDARD = gnu11;
				GCC_DYNAMIC_NO_PIC = NO;
				GCC_NO_COMMON_BLOCKS = YES;
				GCC_OPTIMIZATION_LEVEL = 0;
				GCC_PREPROCESSOR_DEFINITIONS = (
					"DEBUG=1",
					"$(inherited)",
				);
				GCC_WARN_64_TO_32_BIT_CONVERSION = YES;
				GCC_WARN_ABOUT_RETURN_TYPE = YES_ERROR;
				GCC_WARN_UNDECLARED_SELECTOR = YES;
				GCC_WARN_UNINITIALIZED_AUTOS = YES_AGGRESSIVE;
				GCC_WARN_UNUSED_FUNCTION = YES;
				GCC_WARN_UNUSED_VARIABLE = YES;
				IPHONEOS_DEPLOYMENT_TARGET = 16.2;
				MTL_ENABLE_DEBUG_INFO = INCLUDE_SOURCE;
				MTL_FAST_MATH = YES;
				ONLY_ACTIVE_ARCH = YES;
				SDKROOT = iphoneos;
				SWIFT_ACTIVE_COMPILATION_CONDITIONS = DEBUG;
				SWIFT_OPTIMIZATION_LEVEL = "-Onone";
			};
			name = Debug;
		};
		1A76CCA8299153D000E53539 /* Release */ = {
			isa = XCBuildConfiguration;
			buildSettings = {
				ALWAYS_SEARCH_USER_PATHS = NO;
				CLANG_ANALYZER_NONNULL = YES;
				CLANG_ANALYZER_NUMBER_OBJECT_CONVERSION = YES_AGGRESSIVE;
				CLANG_CXX_LANGUAGE_STANDARD = "gnu++20";
				CLANG_ENABLE_MODULES = YES;
				CLANG_ENABLE_OBJC_ARC = YES;
				CLANG_ENABLE_OBJC_WEAK = YES;
				CLANG_WARN_BLOCK_CAPTURE_AUTORELEASING = YES;
				CLANG_WARN_BOOL_CONVERSION = YES;
				CLANG_WARN_COMMA = YES;
				CLANG_WARN_CONSTANT_CONVERSION = YES;
				CLANG_WARN_DEPRECATED_OBJC_IMPLEMENTATIONS = YES;
				CLANG_WARN_DIRECT_OBJC_ISA_USAGE = YES_ERROR;
				CLANG_WARN_DOCUMENTATION_COMMENTS = YES;
				CLANG_WARN_EMPTY_BODY = YES;
				CLANG_WARN_ENUM_CONVERSION = YES;
				CLANG_WARN_INFINITE_RECURSION = YES;
				CLANG_WARN_INT_CONVERSION = YES;
				CLANG_WARN_NON_LITERAL_NULL_CONVERSION = YES;
				CLANG_WARN_OBJC_IMPLICIT_RETAIN_SELF = YES;
				CLANG_WARN_OBJC_LITERAL_CONVERSION = YES;
				CLANG_WARN_OBJC_ROOT_CLASS = YES_ERROR;
				CLANG_WARN_QUOTED_INCLUDE_IN_FRAMEWORK_HEADER = YES;
				CLANG_WARN_RANGE_LOOP_ANALYSIS = YES;
				CLANG_WARN_STRICT_PROTOTYPES = YES;
				CLANG_WARN_SUSPICIOUS_MOVE = YES;
				CLANG_WARN_UNGUARDED_AVAILABILITY = YES_AGGRESSIVE;
				CLANG_WARN_UNREACHABLE_CODE = YES;
				CLANG_WARN__DUPLICATE_METHOD_MATCH = YES;
				COPY_PHASE_STRIP = NO;
				DEBUG_INFORMATION_FORMAT = "dwarf-with-dsym";
				ENABLE_NS_ASSERTIONS = NO;
				ENABLE_STRICT_OBJC_MSGSEND = YES;
				GCC_C_LANGUAGE_STANDARD = gnu11;
				GCC_NO_COMMON_BLOCKS = YES;
				GCC_WARN_64_TO_32_BIT_CONVERSION = YES;
				GCC_WARN_ABOUT_RETURN_TYPE = YES_ERROR;
				GCC_WARN_UNDECLARED_SELECTOR = YES;
				GCC_WARN_UNINITIALIZED_AUTOS = YES_AGGRESSIVE;
				GCC_WARN_UNUSED_FUNCTION = YES;
				GCC_WARN_UNUSED_VARIABLE = YES;
				IPHONEOS_DEPLOYMENT_TARGET = 16.2;
				MTL_ENABLE_DEBUG_INFO = NO;
				MTL_FAST_MATH = YES;
				SDKROOT = iphoneos;
				SWIFT_COMPILATION_MODE = wholemodule;
				SWIFT_OPTIMIZATION_LEVEL = "-O";
				VALIDATE_PRODUCT = YES;
			};
			name = Release;
		};
		1A76CCAA299153D000E53539 /* Debug */ = {
			isa = XCBuildConfiguration;
			buildSettings = {
				ASSETCATALOG_COMPILER_APPICON_NAME = AppIcon;
				ASSETCATALOG_COMPILER_GLOBAL_ACCENT_COLOR_NAME = AccentColor;
				CODE_SIGN_STYLE = Automatic;
				CURRENT_PROJECT_VERSION = 1;
				DEVELOPMENT_TEAM = Q2N9JMQ98Q;
				GENERATE_INFOPLIST_FILE = YES;
				INFOPLIST_FILE = Homework18/Info.plist;
				INFOPLIST_KEY_UIApplicationSupportsIndirectInputEvents = YES;
				INFOPLIST_KEY_UILaunchStoryboardName = LaunchScreen;
				INFOPLIST_KEY_UIMainStoryboardFile = Main;
				INFOPLIST_KEY_UISupportedInterfaceOrientations_iPad = "UIInterfaceOrientationPortrait UIInterfaceOrientationPortraitUpsideDown UIInterfaceOrientationLandscapeLeft UIInterfaceOrientationLandscapeRight";
				INFOPLIST_KEY_UISupportedInterfaceOrientations_iPhone = "UIInterfaceOrientationPortrait UIInterfaceOrientationLandscapeLeft UIInterfaceOrientationLandscapeRight";
				LD_RUNPATH_SEARCH_PATHS = (
					"$(inherited)",
					"@executable_path/Frameworks",
				);
				MARKETING_VERSION = 1.0;
				PRODUCT_BUNDLE_IDENTIFIER = vako.Homework18;
				PRODUCT_NAME = "$(TARGET_NAME)";
				SWIFT_EMIT_LOC_STRINGS = YES;
				SWIFT_VERSION = 5.0;
				TARGETED_DEVICE_FAMILY = "1,2";
			};
			name = Debug;
		};
		1A76CCAB299153D000E53539 /* Release */ = {
			isa = XCBuildConfiguration;
			buildSettings = {
				ASSETCATALOG_COMPILER_APPICON_NAME = AppIcon;
				ASSETCATALOG_COMPILER_GLOBAL_ACCENT_COLOR_NAME = AccentColor;
				CODE_SIGN_STYLE = Automatic;
				CURRENT_PROJECT_VERSION = 1;
				DEVELOPMENT_TEAM = Q2N9JMQ98Q;
				GENERATE_INFOPLIST_FILE = YES;
				INFOPLIST_FILE = Homework18/Info.plist;
				INFOPLIST_KEY_UIApplicationSupportsIndirectInputEvents = YES;
				INFOPLIST_KEY_UILaunchStoryboardName = LaunchScreen;
				INFOPLIST_KEY_UIMainStoryboardFile = Main;
				INFOPLIST_KEY_UISupportedInterfaceOrientations_iPad = "UIInterfaceOrientationPortrait UIInterfaceOrientationPortraitUpsideDown UIInterfaceOrientationLandscapeLeft UIInterfaceOrientationLandscapeRight";
				INFOPLIST_KEY_UISupportedInterfaceOrientations_iPhone = "UIInterfaceOrientationPortrait UIInterfaceOrientationLandscapeLeft UIInterfaceOrientationLandscapeRight";
				LD_RUNPATH_SEARCH_PATHS = (
					"$(inherited)",
					"@executable_path/Frameworks",
				);
				MARKETING_VERSION = 1.0;
				PRODUCT_BUNDLE_IDENTIFIER = vako.Homework18;
				PRODUCT_NAME = "$(TARGET_NAME)";
				SWIFT_EMIT_LOC_STRINGS = YES;
				SWIFT_VERSION = 5.0;
				TARGETED_DEVICE_FAMILY = "1,2";
			};
			name = Release;
		};
/* End XCBuildConfiguration section */

/* Begin XCConfigurationList section */
		1A76CC90299153CD00E53539 /* Build configuration list for PBXProject "Homework18" */ = {
			isa = XCConfigurationList;
			buildConfigurations = (
				1A76CCA7299153D000E53539 /* Debug */,
				1A76CCA8299153D000E53539 /* Release */,
			);
			defaultConfigurationIsVisible = 0;
			defaultConfigurationName = Release;
		};
		1A76CCA9299153D000E53539 /* Build configuration list for PBXNativeTarget "Homework18" */ = {
			isa = XCConfigurationList;
			buildConfigurations = (
				1A76CCAA299153D000E53539 /* Debug */,
				1A76CCAB299153D000E53539 /* Release */,
			);
			defaultConfigurationIsVisible = 0;
			defaultConfigurationName = Release;
		};
/* End XCConfigurationList section */
	};
	rootObject = 1A76CC8D299153CD00E53539 /* Project object */;
}
